
Microsoft Visual Studio Solution File, Format Version 12.00
# Visual Studio Version 16
VisualStudioVersion = 16.0.32901.82
MinimumVisualStudioVersion = 10.0.40219.1
Project("{FAE04EC0-301F-11D3-BF4B-00C04F79EFBC}") = "Tarea_BrianPineda.Android", "Tarea_BrianPineda\Tarea_BrianPineda.Android\Tarea_BrianPineda.Android.csproj", "{8CA3C0E8-1E89-453B-AC68-D459FF7F5696}"
EndProject
Project("{FAE04EC0-301F-11D3-BF4B-00C04F79EFBC}") = "Tarea_BrianPineda", "Tarea_BrianPineda\Tarea_BrianPineda\Tarea_BrianPineda.csproj", "{E179ACCE-1C59-40C9-ADF5-9F65C1359F45}"
EndProject
Project("{FAE04EC0-301F-11D3-BF4B-00C04F79EFBC}") = "Ejercicio1_2.Android", "Ejercicio1_2\Ejercicio1_2.Android\Ejercicio1_2.Android.csproj", "{E720C2CE-AC41-4794-AD81-23E195DEC3A9}"
EndProject
Project("{FAE04EC0-301F-11D3-BF4B-00C04F79EFBC}") = "Ejercicio1_2", "Ejercicio1_2\Ejercicio1_2\Ejercicio1_2.csproj", "{AA66F007-3807-4071-A1BD-8897734A5EFB}"
EndProject
Global
	GlobalSection(SolutionConfigurationPlatforms) = preSolution
		Debug|Any CPU = Debug|Any CPU
		Release|Any CPU = Release|Any CPU
	EndGlobalSection
	GlobalSection(ProjectConfigurationPlatforms) = postSolution
		{8CA3C0E8-1E89-453B-AC68-D459FF7F5696}.Debug|Any CPU.ActiveCfg = Debug|Any CPU
		{8CA3C0E8-1E89-453B-AC68-D459FF7F5696}.Debug|Any CPU.Build.0 = Debug|Any CPU
		{8CA3C0E8-1E89-453B-AC68-D459FF7F5696}.Debug|Any CPU.Deploy.0 = Debug|Any CPU
		{8CA3C0E8-1E89-453B-AC68-D459FF7F5696}.Release|Any CPU.ActiveCfg = Release|Any CPU
		{8CA3C0E8-1E89-453B-AC68-D459FF7F5696}.Release|Any CPU.Build.0 = Release|Any CPU
		{8CA3C0E8-1E89-453B-AC68-D459FF7F5696}.Release|Any CPU.Deploy.0 = Release|Any CPU
		{E179ACCE-1C59-40C9-ADF5-9F65C1359F45}.Debug|Any CPU.ActiveCfg = Debug|Any CPU
		{E179ACCE-1C59-40C9-ADF5-9F65C1359F45}.Debug|Any CPU.Build.0 = Debug|Any CPU
		{E179ACCE-1C59-40C9-ADF5-9F65C1359F45}.Debug|Any CPU.Deploy.0 = Debug|Any CPU
		{E179ACCE-1C59-40C9-ADF5-9F65C1359F45}.Release|Any CPU.ActiveCfg = Release|Any CPU
		{E179ACCE-1C59-40C9-ADF5-9F65C1359F45}.Release|Any CPU.Build.0 = Release|Any CPU
		{E179ACCE-1C59-40C9-ADF5-9F65C1359F45}.Release|Any CPU.Deploy.0 = Release|Any CPU
		{E720C2CE-AC41-4794-AD81-23E195DEC3A9}.Debug|Any CPU.ActiveCfg = Debug|Any CPU
		{E720C2CE-AC41-4794-AD81-23E195DEC3A9}.Debug|Any CPU.Build.0 = Debug|Any CPU
		{E720C2CE-AC41-4794-AD81-23E195DEC3A9}.Debug|Any CPU.Deploy.0 = Debug|Any CPU
		{E720C2CE-AC41-4794-AD81-23E195DEC3A9}.Release|Any CPU.ActiveCfg = Release|Any CPU
		{E720C2CE-AC41-4794-AD81-23E195DEC3A9}.Release|Any CPU.Build.0 = Release|Any CPU
		{E720C2CE-AC41-4794-AD81-23E195DEC3A9}.Release|Any CPU.Deploy.0 = Release|Any CPU
		{AA66F007-3807-4071-A1BD-8897734A5EFB}.Debug|Any CPU.ActiveCfg = Debug|Any CPU
		{AA66F007-3807-4071-A1BD-8897734A5EFB}.Debug|Any CPU.Build.0 = Debug|Any CPU
		{AA66F007-3807-4071-A1BD-8897734A5EFB}.Release|Any CPU.ActiveCfg = Release|Any CPU
		{AA66F007-3807-4071-A1BD-8897734A5EFB}.Release|Any CPU.Build.0 = Release|Any CPU
	EndGlobalSection
	GlobalSection(SolutionProperties) = preSolution
		HideSolutionNode = FALSE
	EndGlobalSection
	GlobalSection(ExtensibilityGlobals) = postSolution
		SolutionGuid = {F0B35626-1687-4B79-8095-9D11971F3096}
	EndGlobalSection
EndGlobal
